// !$*UTF8*$!
{
	archiveVersion = 1;
	classes = {
	};
	objectVersion = 55;
	objects = {

/* Begin PBXBuildFile section */
		11D5102E27ADA0C200EC6D2B /* ToDoAppSwiftUIApp.swift in Sources */ = {isa = PBXBuildFile; fileRef = 11D5102D27ADA0C200EC6D2B /* ToDoAppSwiftUIApp.swift */; };
		11D5103027ADA0C200EC6D2B /* ListView.swift in Sources */ = {isa = PBXBuildFile; fileRef = 11D5102F27ADA0C200EC6D2B /* ListView.swift */; };
		11D5103227ADA0C600EC6D2B /* Assets.xcassets in Resources */ = {isa = PBXBuildFile; fileRef = 11D5103127ADA0C600EC6D2B /* Assets.xcassets */; };
		11D5103527ADA0C600EC6D2B /* Preview Assets.xcassets in Resources */ = {isa = PBXBuildFile; fileRef = 11D5103427ADA0C600EC6D2B /* Preview Assets.xcassets */; };
		11D5104027ADA79300EC6D2B /* View+NavigationExtentions.swift in Sources */ = {isa = PBXBuildFile; fileRef = 11D5103F27ADA79300EC6D2B /* View+NavigationExtentions.swift */; };
		11D5104227ADBD5100EC6D2B /* ListViewRow.swift in Sources */ = {isa = PBXBuildFile; fileRef = 11D5104127ADBD5100EC6D2B /* ListViewRow.swift */; };
		11D5104427ADC0CF00EC6D2B /* AddView.swift in Sources */ = {isa = PBXBuildFile; fileRef = 11D5104327ADC0CF00EC6D2B /* AddView.swift */; };
		11D5104727AE6A9100EC6D2B /* ItemModel.swift in Sources */ = {isa = PBXBuildFile; fileRef = 11D5104627AE6A9100EC6D2B /* ItemModel.swift */; };
		11D5104A27AE822E00EC6D2B /* ListViewModel.swift in Sources */ = {isa = PBXBuildFile; fileRef = 11D5104927AE822E00EC6D2B /* ListViewModel.swift */; };
		11D5113D27AED4B700EC6D2B /* NoItemView.swift in Sources */ = {isa = PBXBuildFile; fileRef = 11D5113C27AED4B700EC6D2B /* NoItemView.swift */; };
/* End PBXBuildFile section */

/* Begin PBXFileReference section */
		11D5102A27ADA0C200EC6D2B /* ToDoAppSwiftUI.app */ = {isa = PBXFileReference; explicitFileType = wrapper.application; includeInIndex = 0; path = ToDoAppSwiftUI.app; sourceTree = BUILT_PRODUCTS_DIR; };
		11D5102D27ADA0C200EC6D2B /* ToDoAppSwiftUIApp.swift */ = {isa = PBXFileReference; lastKnownFileType = sourcecode.swift; path = ToDoAppSwiftUIApp.swift; sourceTree = "<group>"; };
		11D5102F27ADA0C200EC6D2B /* ListView.swift */ = {isa = PBXFileReference; lastKnownFileType = sourcecode.swift; path = ListView.swift; sourceTree = "<group>"; };
		11D5103127ADA0C600EC6D2B /* Assets.xcassets */ = {isa = PBXFileReference; lastKnownFileType = folder.assetcatalog; path = Assets.xcassets; sourceTree = "<group>"; };
		11D5103427ADA0C600EC6D2B /* Preview Assets.xcassets */ = {isa = PBXFileReference; lastKnownFileType = folder.assetcatalog; path = "Preview Assets.xcassets"; sourceTree = "<group>"; };
		11D5103F27ADA79300EC6D2B /* View+NavigationExtentions.swift */ = {isa = PBXFileReference; lastKnownFileType = sourcecode.swift; path = "View+NavigationExtentions.swift"; sourceTree = "<group>"; };
		11D5104127ADBD5100EC6D2B /* ListViewRow.swift */ = {isa = PBXFileReference; lastKnownFileType = sourcecode.swift; path = ListViewRow.swift; sourceTree = "<group>"; };
		11D5104327ADC0CF00EC6D2B /* AddView.swift */ = {isa = PBXFileReference; lastKnownFileType = sourcecode.swift; path = AddView.swift; sourceTree = "<group>"; };
		11D5104627AE6A9100EC6D2B /* ItemModel.swift */ = {isa = PBXFileReference; lastKnownFileType = sourcecode.swift; path = ItemModel.swift; sourceTree = "<group>"; };
		11D5104927AE822E00EC6D2B /* ListViewModel.swift */ = {isa = PBXFileReference; lastKnownFileType = sourcecode.swift; path = ListViewModel.swift; sourceTree = "<group>"; };
		11D5113C27AED4B700EC6D2B /* NoItemView.swift */ = {isa = PBXFileReference; lastKnownFileType = sourcecode.swift; path = NoItemView.swift; sourceTree = "<group>"; };
/* End PBXFileReference section */

/* Begin PBXFrameworksBuildPhase section */
		11D5102727ADA0C200EC6D2B /* Frameworks */ = {
			isa = PBXFrameworksBuildPhase;
			buildActionMask = 2147483647;
			files = (
			);
			runOnlyForDeploymentPostprocessing = 0;
		};
/* End PBXFrameworksBuildPhase section */

/* Begin PBXGroup section */
		11D5102127ADA0C200EC6D2B = {
			isa = PBXGroup;
			children = (
				11D5102C27ADA0C200EC6D2B /* ToDoAppSwiftUI */,
				11D5102B27ADA0C200EC6D2B /* Products */,
			);
			sourceTree = "<group>";
		};
		11D5102B27ADA0C200EC6D2B /* Products */ = {
			isa = PBXGroup;
			children = (
				11D5102A27ADA0C200EC6D2B /* ToDoAppSwiftUI.app */,
			);
			name = Products;
			sourceTree = "<group>";
		};
		11D5102C27ADA0C200EC6D2B /* ToDoAppSwiftUI */ = {
			isa = PBXGroup;
			children = (
				11D5103D27ADA75500EC6D2B /* Application */,
				11D5103E27ADA76700EC6D2B /* Extentions */,
				11D5104527AE6A8100EC6D2B /* Models */,
				11D5104827AE821B00EC6D2B /* ViewModels */,
				11D5103B27ADA74000EC6D2B /* Views */,
				11D5103C27ADA74A00EC6D2B /* Resource */,
				11D5103327ADA0C600EC6D2B /* Preview Content */,
			);
			path = ToDoAppSwiftUI;
			sourceTree = "<group>";
		};
		11D5103327ADA0C600EC6D2B /* Preview Content */ = {
			isa = PBXGroup;
			children = (
				11D5103427ADA0C600EC6D2B /* Preview Assets.xcassets */,
			);
			path = "Preview Content";
			sourceTree = "<group>";
		};
		11D5103B27ADA74000EC6D2B /* Views */ = {
			isa = PBXGroup;
			children = (
				11D5102F27ADA0C200EC6D2B /* ListView.swift */,
				11D5104127ADBD5100EC6D2B /* ListViewRow.swift */,
				11D5104327ADC0CF00EC6D2B /* AddView.swift */,
				11D5113C27AED4B700EC6D2B /* NoItemView.swift */,
			);
			path = Views;
			sourceTree = "<group>";
		};
		11D5103C27ADA74A00EC6D2B /* Resource */ = {
			isa = PBXGroup;
			children = (
				11D5103127ADA0C600EC6D2B /* Assets.xcassets */,
			);
			path = Resource;
			sourceTree = "<group>";
		};
		11D5103D27ADA75500EC6D2B /* Application */ = {
			isa = PBXGroup;
			children = (
				11D5102D27ADA0C200EC6D2B /* ToDoAppSwiftUIApp.swift */,
			);
			path = Application;
			sourceTree = "<group>";
		};
		11D5103E27ADA76700EC6D2B /* Extentions */ = {
			isa = PBXGroup;
			children = (
				11D5103F27ADA79300EC6D2B /* View+NavigationExtentions.swift */,
			);
			path = Extentions;
			sourceTree = "<group>";
		};
		11D5104527AE6A8100EC6D2B /* Models */ = {
			isa = PBXGroup;
			children = (
				11D5104627AE6A9100EC6D2B /* ItemModel.swift */,
			);
			path = Models;
			sourceTree = "<group>";
		};
		11D5104827AE821B00EC6D2B /* ViewModels */ = {
			isa = PBXGroup;
			children = (
				11D5104927AE822E00EC6D2B /* ListViewModel.swift */,
			);
			path = ViewModels;
			sourceTree = "<group>";
		};
/* End PBXGroup section */

/* Begin PBXNativeTarget section */
		11D5102927ADA0C200EC6D2B /* ToDoAppSwiftUI */ = {
			isa = PBXNativeTarget;
			buildConfigurationList = 11D5103827ADA0C600EC6D2B /* Build configuration list for PBXNativeTarget "ToDoAppSwiftUI" */;
			buildPhases = (
				11D5102627ADA0C200EC6D2B /* Sources */,
				11D5102727ADA0C200EC6D2B /* Frameworks */,
				11D5102827ADA0C200EC6D2B /* Resources */,
			);
			buildRules = (
			);
			dependencies = (
			);
			name = ToDoAppSwiftUI;
			productName = ToDoAppSwiftUI;
			productReference = 11D5102A27ADA0C200EC6D2B /* ToDoAppSwiftUI.app */;
			productType = "com.apple.product-type.application";
		};
/* End PBXNativeTarget section */

/* Begin PBXProject section */
		11D5102227ADA0C200EC6D2B /* Project object */ = {
			isa = PBXProject;
			attributes = {
				BuildIndependentTargetsInParallel = 1;
				LastSwiftUpdateCheck = 1320;
				LastUpgradeCheck = 1320;
				TargetAttributes = {
					11D5102927ADA0C200EC6D2B = {
						CreatedOnToolsVersion = 13.2.1;
					};
				};
			};
			buildConfigurationList = 11D5102527ADA0C200EC6D2B /* Build configuration list for PBXProject "ToDoAppSwiftUI" */;
			compatibilityVersion = "Xcode 13.0";
			developmentRegion = en;
			hasScannedForEncodings = 0;
			knownRegions = (
				en,
				Base,
			);
			mainGroup = 11D5102127ADA0C200EC6D2B;
			productRefGroup = 11D5102B27ADA0C200EC6D2B /* Products */;
			projectDirPath = "";
			projectRoot = "";
			targets = (
				11D5102927ADA0C200EC6D2B /* ToDoAppSwiftUI */,
			);
		};
/* End PBXProject section */

/* Begin PBXResourcesBuildPhase section */
		11D5102827ADA0C200EC6D2B /* Resources */ = {
			isa = PBXResourcesBuildPhase;
			buildActionMask = 2147483647;
			files = (
				11D5103527ADA0C600EC6D2B /* Preview Assets.xcassets in Resources */,
				11D5103227ADA0C600EC6D2B /* Assets.xcassets in Resources */,
			);
			runOnlyForDeploymentPostprocessing = 0;
		};
/* End PBXResourcesBuildPhase section */

/* Begin PBXSourcesBuildPhase section */
		11D5102627ADA0C200EC6D2B /* Sources */ = {
			isa = PBXSourcesBuildPhase;
			buildActionMask = 2147483647;
			files = (
				11D5104727AE6A9100EC6D2B /* ItemModel.swift in Sources */,
				11D5104027ADA79300EC6D2B /* View+NavigationExtentions.swift in Sources */,
				11D5113D27AED4B700EC6D2B /* NoItemView.swift in Sources */,
				11D5104A27AE822E00EC6D2B /* ListViewModel.swift in Sources */,
				11D5103027ADA0C200EC6D2B /* ListView.swift in Sources */,
				11D5104427ADC0CF00EC6D2B /* AddView.swift in Sources */,
				11D5102E27ADA0C200EC6D2B /* ToDoAppSwiftUIApp.swift in Sources */,
				11D5104227ADBD5100EC6D2B /* ListViewRow.swift in Sources */,
			);
			runOnlyForDeploymentPostprocessing = 0;
		};
/* End PBXSourcesBuildPhase section */

/* Begin XCBuildConfiguration section */
		11D5103627ADA0C600EC6D2B /* Debug */ = {
			isa = XCBuildConfiguration;
			buildSettings = {
				ALWAYS_SEARCH_USER_PATHS = NO;
				CLANG_ANALYZER_NONNULL = YES;
				CLANG_ANALYZER_NUMBER_OBJECT_CONVERSION = YES_AGGRESSIVE;
				CLANG_CXX_LANGUAGE_STANDARD = "gnu++17";
				CLANG_CXX_LIBRARY = "libc++";
				CLANG_ENABLE_MODULES = YES;
				CLANG_ENABLE_OBJC_ARC = YES;
				CLANG_ENABLE_OBJC_WEAK = YES;
				CLANG_WARN_BLOCK_CAPTURE_AUTORELEASING = YES;
				CLANG_WARN_BOOL_CONVERSION = YES;
				CLANG_WARN_COMMA = YES;
				CLANG_WARN_CONSTANT_CONVERSION = YES;
				CLANG_WARN_DEPRECATED_OBJC_IMPLEMENTATIONS = YES;
				CLANG_WARN_DIRECT_OBJC_ISA_USAGE = YES_ERROR;
				CLANG_WARN_DOCUMENTATION_COMMENTS = YES;
				CLANG_WARN_EMPTY_BODY = YES;
				CLANG_WARN_ENUM_CONVERSION = YES;
				CLANG_WARN_INFINITE_RECURSION = YES;
				CLANG_WARN_INT_CONVERSION = YES;
				CLANG_WARN_NON_LITERAL_NULL_CONVERSION = YES;
				CLANG_WARN_OBJC_IMPLICIT_RETAIN_SELF = YES;
				CLANG_WARN_OBJC_LITERAL_CONVERSION = YES;
				CLANG_WARN_OBJC_ROOT_CLASS = YES_ERROR;
				CLANG_WARN_QUOTED_INCLUDE_IN_FRAMEWORK_HEADER = YES;
				CLANG_WARN_RANGE_LOOP_ANALYSIS = YES;
				CLANG_WARN_STRICT_PROTOTYPES = YES;
				CLANG_WARN_SUSPICIOUS_MOVE = YES;
				CLANG_WARN_UNGUARDED_AVAILABILITY = YES_AGGRESSIVE;
				CLANG_WARN_UNREACHABLE_CODE = YES;
				CLANG_WARN__DUPLICATE_METHOD_MATCH = YES;
				COPY_PHASE_STRIP = NO;
				DEBUG_INFORMATION_FORMAT = dwarf;
				ENABLE_STRICT_OBJC_MSGSEND = YES;
				ENABLE_TESTABILITY = YES;
				GCC_C_LANGUAGE_STANDARD = gnu11;
				GCC_DYNAMIC_NO_PIC = NO;
				GCC_NO_COMMON_BLOCKS = YES;
				GCC_OPTIMIZATION_LEVEL = 0;
				GCC_PREPROCESSOR_DEFINITIONS = (
					"DEBUG=1",
					"$(inherited)",
				);
				GCC_WARN_64_TO_32_BIT_CONVERSION = YES;
				GCC_WARN_ABOUT_RETURN_TYPE = YES_ERROR;
				GCC_WARN_UNDECLARED_SELECTOR = YES;
				GCC_WARN_UNINITIALIZED_AUTOS = YES_AGGRESSIVE;
				GCC_WARN_UNUSED_FUNCTION = YES;
				GCC_WARN_UNUSED_VARIABLE = YES;
				IPHONEOS_DEPLOYMENT_TARGET = 15.2;
				MTL_ENABLE_DEBUG_INFO = INCLUDE_SOURCE;
				MTL_FAST_MATH = YES;
				ONLY_ACTIVE_ARCH = YES;
				SDKROOT = iphoneos;
				SWIFT_ACTIVE_COMPILATION_CONDITIONS = DEBUG;
				SWIFT_OPTIMIZATION_LEVEL = "-Onone";
			};
			name = Debug;
		};
		11D5103727ADA0C600EC6D2B /* Release */ = {
			isa = XCBuildConfiguration;
			buildSettings = {
				ALWAYS_SEARCH_USER_PATHS = NO;
				CLANG_ANALYZER_NONNULL = YES;
				CLANG_ANALYZER_NUMBER_OBJECT_CONVERSION = YES_AGGRESSIVE;
				CLANG_CXX_LANGUAGE_STANDARD = "gnu++17";
				CLANG_CXX_LIBRARY = "libc++";
				CLANG_ENABLE_MODULES = YES;
				CLANG_ENABLE_OBJC_ARC = YES;
				CLANG_ENABLE_OBJC_WEAK = YES;
				CLANG_WARN_BLOCK_CAPTURE_AUTORELEASING = YES;
				CLANG_WARN_BOOL_CONVERSION = YES;
				CLANG_WARN_COMMA = YES;
				CLANG_WARN_CONSTANT_CONVERSION = YES;
				CLANG_WARN_DEPRECATED_OBJC_IMPLEMENTATIONS = YES;
				CLANG_WARN_DIRECT_OBJC_ISA_USAGE = YES_ERROR;
				CLANG_WARN_DOCUMENTATION_COMMENTS = YES;
				CLANG_WARN_EMPTY_BODY = YES;
				CLANG_WARN_ENUM_CONVERSION = YES;
				CLANG_WARN_INFINITE_RECURSION = YES;
				CLANG_WARN_INT_CONVERSION = YES;
				CLANG_WARN_NON_LITERAL_NULL_CONVERSION = YES;
				CLANG_WARN_OBJC_IMPLICIT_RETAIN_SELF = YES;
				CLANG_WARN_OBJC_LITERAL_CONVERSION = YES;
				CLANG_WARN_OBJC_ROOT_CLASS = YES_ERROR;
				CLANG_WARN_QUOTED_INCLUDE_IN_FRAMEWORK_HEADER = YES;
				CLANG_WARN_RANGE_LOOP_ANALYSIS = YES;
				CLANG_WARN_STRICT_PROTOTYPES = YES;
				CLANG_WARN_SUSPICIOUS_MOVE = YES;
				CLANG_WARN_UNGUARDED_AVAILABILITY = YES_AGGRESSIVE;
				CLANG_WARN_UNREACHABLE_CODE = YES;
				CLANG_WARN__DUPLICATE_METHOD_MATCH = YES;
				COPY_PHASE_STRIP = NO;
				DEBUG_INFORMATION_FORMAT = "dwarf-with-dsym";
				ENABLE_NS_ASSERTIONS = NO;
				ENABLE_STRICT_OBJC_MSGSEND = YES;
				GCC_C_LANGUAGE_STANDARD = gnu11;
				GCC_NO_COMMON_BLOCKS = YES;
				GCC_WARN_64_TO_32_BIT_CONVERSION = YES;
				GCC_WARN_ABOUT_RETURN_TYPE = YES_ERROR;
				GCC_WARN_UNDECLARED_SELECTOR = YES;
				GCC_WARN_UNINITIALIZED_AUTOS = YES_AGGRESSIVE;
				GCC_WARN_UNUSED_FUNCTION = YES;
				GCC_WARN_UNUSED_VARIABLE = YES;
				IPHONEOS_DEPLOYMENT_TARGET = 15.2;
				MTL_ENABLE_DEBUG_INFO = NO;
				MTL_FAST_MATH = YES;
				SDKROOT = iphoneos;
				SWIFT_COMPILATION_MODE = wholemodule;
				SWIFT_OPTIMIZATION_LEVEL = "-O";
				VALIDATE_PRODUCT = YES;
			};
			name = Release;
		};
		11D5103927ADA0C600EC6D2B /* Debug */ = {
			isa = XCBuildConfiguration;
			buildSettings = {
				ASSETCATALOG_COMPILER_APPICON_NAME = AppIcon;
				ASSETCATALOG_COMPILER_GLOBAL_ACCENT_COLOR_NAME = AccentColor;
				CODE_SIGN_STYLE = Automatic;
				CURRENT_PROJECT_VERSION = 1;
				DEVELOPMENT_ASSET_PATHS = "\"ToDoAppSwiftUI/Preview Content\"";
				ENABLE_PREVIEWS = YES;
				GENERATE_INFOPLIST_FILE = YES;
				INFOPLIST_KEY_UIApplicationSceneManifest_Generation = YES;
				INFOPLIST_KEY_UIApplicationSupportsIndirectInputEvents = YES;
				INFOPLIST_KEY_UILaunchScreen_Generation = YES;
				INFOPLIST_KEY_UISupportedInterfaceOrientations_iPad = "UIInterfaceOrientationPortrait UIInterfaceOrientationPortraitUpsideDown UIInterfaceOrientationLandscapeLeft UIInterfaceOrientationLandscapeRight";
				INFOPLIST_KEY_UISupportedInterfaceOrientations_iPhone = "UIInterfaceOrientationPortrait UIInterfaceOrientationLandscapeLeft UIInterfaceOrientationLandscapeRight";
				LD_RUNPATH_SEARCH_PATHS = (
					"$(inherited)",
					"@executable_path/Frameworks",
				);
				MARKETING_VERSION = 1.0;
				PRODUCT_BUNDLE_IDENTIFIER = com.akbari.ToDoAppSwiftUI;
				PRODUCT_NAME = "$(TARGET_NAME)";
				SWIFT_EMIT_LOC_STRINGS = YES;
				SWIFT_VERSION = 5.0;
				TARGETED_DEVICE_FAMILY = "1,2";
			};
			name = Debug;
		};
		11D5103A27ADA0C600EC6D2B /* Release */ = {
			isa = XCBuildConfiguration;
			buildSettings = {
				ASSETCATALOG_COMPILER_APPICON_NAME = AppIcon;
				ASSETCATALOG_COMPILER_GLOBAL_ACCENT_COLOR_NAME = AccentColor;
				CODE_SIGN_STYLE = Automatic;
				CURRENT_PROJECT_VERSION = 1;
				DEVELOPMENT_ASSET_PATHS = "\"ToDoAppSwiftUI/Preview Content\"";
				ENABLE_PREVIEWS = YES;
				GENERATE_INFOPLIST_FILE = YES;
				INFOPLIST_KEY_UIApplicationSceneManifest_Generation = YES;
				INFOPLIST_KEY_UIApplicationSupportsIndirectInputEvents = YES;
				INFOPLIST_KEY_UILaunchScreen_Generation = YES;
				INFOPLIST_KEY_UISupportedInterfaceOrientations_iPad = "UIInterfaceOrientationPortrait UIInterfaceOrientationPortraitUpsideDown UIInterfaceOrientationLandscapeLeft UIInterfaceOrientationLandscapeRight";
				INFOPLIST_KEY_UISupportedInterfaceOrientations_iPhone = "UIInterfaceOrientationPortrait UIInterfaceOrientationLandscapeLeft UIInterfaceOrientationLandscapeRight";
				LD_RUNPATH_SEARCH_PATHS = (
					"$(inherited)",
					"@executable_path/Frameworks",
				);
				MARKETING_VERSION = 1.0;
				PRODUCT_BUNDLE_IDENTIFIER = com.akbari.ToDoAppSwiftUI;
				PRODUCT_NAME = "$(TARGET_NAME)";
				SWIFT_EMIT_LOC_STRINGS = YES;
				SWIFT_VERSION = 5.0;
				TARGETED_DEVICE_FAMILY = "1,2";
			};
			name = Release;
		};
/* End XCBuildConfiguration section */

/* Begin XCConfigurationList section */
		11D5102527ADA0C200EC6D2B /* Build configuration list for PBXProject "ToDoAppSwiftUI" */ = {
			isa = XCConfigurationList;
			buildConfigurations = (
				11D5103627ADA0C600EC6D2B /* Debug */,
				11D5103727ADA0C600EC6D2B /* Release */,
			);
			defaultConfigurationIsVisible = 0;
			defaultConfigurationName = Release;
		};
		11D5103827ADA0C600EC6D2B /* Build configuration list for PBXNativeTarget "ToDoAppSwiftUI" */ = {
			isa = XCConfigurationList;
			buildConfigurations = (
				11D5103927ADA0C600EC6D2B /* Debug */,
				11D5103A27ADA0C600EC6D2B /* Release */,
			);
			defaultConfigurationIsVisible = 0;
			defaultConfigurationName = Release;
		};
/* End XCConfigurationList section */
	};
	rootObject = 11D5102227ADA0C200EC6D2B /* Project object */;
}
